Microsoft Visual Studio Solution File, Format Version 12.00
# Visual Studio Version 17
VisualStudioVersion = 17.5.2.0
MinimumVisualStudioVersion = 10.0.40219.1
Project("{FAE04EC0-301F-11D3-BF4B-00C04F79EFBC}") = "Sesion_4-App", "Sesion_4-App\Sesion_4-App.csproj", "{29577227-9378-1A9E-61C7-B9C41E3449AB}"
EndProject
Global
	GlobalSection(SolutionConfigurationPlatforms) = preSolution
		Debug|Any CPU = Debug|Any CPU
		Release|Any CPU = Release|Any CPU
	EndGlobalSection
	GlobalSection(ProjectConfigurationPlatforms) = postSolution
		{29577227-9378-1A9E-61C7-B9C41E3449AB}.Debug|Any CPU.ActiveCfg = Debug|Any CPU
		{29577227-9378-1A9E-61C7-B9C41E3449AB}.Debug|Any CPU.Build.0 = Debug|Any CPU
		{29577227-9378-1A9E-61C7-B9C41E3449AB}.Release|Any CPU.ActiveCfg = Release|Any CPU
		{29577227-9378-1A9E-61C7-B9C41E3449AB}.Release|Any CPU.Build.0 = Release|Any CPU
	EndGlobalSection
	GlobalSection(SolutionProperties) = preSolution
		HideSolutionNode = FALSE
	EndGlobalSection
	GlobalSection(ExtensibilityGlobals) = postSolution
		SolutionGuid = {FABA3A79-66DB-4B6C-ADE9-E01897F13C95}
	EndGlobalSection
EndGlobal
